{
  "requires": true,
  "lockfileVersion": 1,
  "dependencies": {
    "react-native-uuid-generator": {
      "version": "6.1.1",
      "resolved": "https://registry.npmjs.org/react-native-uuid-generator/-/react-native-uuid-generator-6.1.1.tgz",
      "integrity": "sha512-jWF0wiGTUTkCBTpspUZatC7wlhjN3GRbW9YblaxxpuMuhk0DEOQXOp1qgsDd2vLTL8GsM3i7Hnatvfj1kwf88w=="
    }
  }
}
